
Microsoft Visual Studio Solution File, Format Version 12.00
# Visual Studio 15
VisualStudioVersion = 15.0.27703.2035
MinimumVisualStudioVersion = 10.0.40219.1
Project("{FAE04EC0-301F-11D3-BF4B-00C04F79EFBC}") = "APICalculationEngine", "APICalculationEngine\APICalculationEngine.csproj", "{92DFA6B2-8BCA-4399-95B7-9797E6308044}"
EndProject
Global
	GlobalSection(SolutionConfigurationPlatforms) = preSolution
		Debug|Any CPU = Debug|Any CPU
		Release|Any CPU = Release|Any CPU
	EndGlobalSection
	GlobalSection(ProjectConfigurationPlatforms) = postSolution
		{92DFA6B2-8BCA-4399-95B7-9797E6308044}.Debug|Any CPU.ActiveCfg = Debug|Any CPU
		{92DFA6B2-8BCA-4399-95B7-9797E6308044}.Debug|Any CPU.Build.0 = Debug|Any CPU
		{92DFA6B2-8BCA-4399-95B7-9797E6308044}.Release|Any CPU.ActiveCfg = Release|Any CPU
		{92DFA6B2-8BCA-4399-95B7-9797E6308044}.Release|Any CPU.Build.0 = Release|Any CPU
	EndGlobalSection
	GlobalSection(SolutionProperties) = preSolution
		HideSolutionNode = FALSE
	EndGlobalSection
	GlobalSection(ExtensibilityGlobals) = postSolution
		SolutionGuid = {D4749761-F389-4DC5-A1E3-0DF7AD9CEE95}
	EndGlobalSection
EndGlobal
